
Microsoft Visual Studio Solution File, Format Version 12.00
# Visual Studio Version 16
VisualStudioVersion = 16.0.28803.156
MinimumVisualStudioVersion = 10.0.40219.1
Project("{9A19103F-16F7-4668-BE54-9A1E7A4F7556}") = "CatanBoardGame.UnitTests", "src\CatanBoardGame.UnitTests\CatanBoardGame.UnitTests.csproj", "{7C1BEDB8-214A-4E8F-9DB2-3197D447561F}"
EndProject
Project("{FAE04EC0-301F-11D3-BF4B-00C04F79EFBC}") = "CatanBoardGame.Core", "src\CatanBoardGame.Core\CatanBoardGame.Core.csproj", "{BFE89A7E-79D6-470F-86B2-63BAD40AB831}"
EndProject
Global
	GlobalSection(SolutionConfigurationPlatforms) = preSolution
		Debug|Any CPU = Debug|Any CPU
		Release|Any CPU = Release|Any CPU
	EndGlobalSection
	GlobalSection(ProjectConfigurationPlatforms) = postSolution
		{7C1BEDB8-214A-4E8F-9DB2-3197D447561F}.Debug|Any CPU.ActiveCfg = Debug|Any CPU
		{7C1BEDB8-214A-4E8F-9DB2-3197D447561F}.Debug|Any CPU.Build.0 = Debug|Any CPU
		{7C1BEDB8-214A-4E8F-9DB2-3197D447561F}.Release|Any CPU.ActiveCfg = Release|Any CPU
		{7C1BEDB8-214A-4E8F-9DB2-3197D447561F}.Release|Any CPU.Build.0 = Release|Any CPU
		{BFE89A7E-79D6-470F-86B2-63BAD40AB831}.Debug|Any CPU.ActiveCfg = Debug|Any CPU
		{BFE89A7E-79D6-470F-86B2-63BAD40AB831}.Debug|Any CPU.Build.0 = Debug|Any CPU
		{BFE89A7E-79D6-470F-86B2-63BAD40AB831}.Release|Any CPU.ActiveCfg = Release|Any CPU
		{BFE89A7E-79D6-470F-86B2-63BAD40AB831}.Release|Any CPU.Build.0 = Release|Any CPU
	EndGlobalSection
	GlobalSection(SolutionProperties) = preSolution
		HideSolutionNode = FALSE
	EndGlobalSection
	GlobalSection(ExtensibilityGlobals) = postSolution
		SolutionGuid = {3347ABE8-8FCE-475D-AB6F-2E9CA279DB53}
	EndGlobalSection
EndGlobal
